Microsoft Visual Studio Solution File, Format Version 12.00
# Visual Studio Version 17
VisualStudioVersion = 17.5.2.0
MinimumVisualStudioVersion = 10.0.40219.1
Project("{FAE04EC0-301F-11D3-BF4B-00C04F79EFBC}") = "ImageEdit", "ImageEdit.csproj", "{4214C15A-3B8E-CE24-D1C7-8874C08C93D2}"
EndProject
Global
	GlobalSection(SolutionConfigurationPlatforms) = preSolution
		Debug|Any CPU = Debug|Any CPU
		Release|Any CPU = Release|Any CPU
	EndGlobalSection
	GlobalSection(ProjectConfigurationPlatforms) = postSolution
		{4214C15A-3B8E-CE24-D1C7-8874C08C93D2}.Debug|Any CPU.ActiveCfg = Debug|Any CPU
		{4214C15A-3B8E-CE24-D1C7-8874C08C93D2}.Debug|Any CPU.Build.0 = Debug|Any CPU
		{4214C15A-3B8E-CE24-D1C7-8874C08C93D2}.Release|Any CPU.ActiveCfg = Release|Any CPU
		{4214C15A-3B8E-CE24-D1C7-8874C08C93D2}.Release|Any CPU.Build.0 = Release|Any CPU
	EndGlobalSection
	GlobalSection(SolutionProperties) = preSolution
		HideSolutionNode = FALSE
	EndGlobalSection
	GlobalSection(ExtensibilityGlobals) = postSolution
		SolutionGuid = {85A9AEF9-C500-4347-B9C6-06D7DBABFAD0}
	EndGlobalSection
EndGlobal
